
Microsoft Visual Studio Solution File, Format Version 12.00
# Visual Studio 15
VisualStudioVersion = 15.0.28307.902
MinimumVisualStudioVersion = 10.0.40219.1
Project("{FAE04EC0-301F-11D3-BF4B-00C04F79EFBC}") = "ParseAvitoAds", "ParseAvitoAds\ParseAvitoAds.csproj", "{1E1C81C0-4DCE-436D-9095-69E6EB3B26B9}"
EndProject
Global
	GlobalSection(SolutionConfigurationPlatforms) = preSolution
		Debug|Any CPU = Debug|Any CPU
		Release|Any CPU = Release|Any CPU
	EndGlobalSection
	GlobalSection(ProjectConfigurationPlatforms) = postSolution
		{1E1C81C0-4DCE-436D-9095-69E6EB3B26B9}.Debug|Any CPU.ActiveCfg = Debug|Any CPU
		{1E1C81C0-4DCE-436D-9095-69E6EB3B26B9}.Debug|Any CPU.Build.0 = Debug|Any CPU
		{1E1C81C0-4DCE-436D-9095-69E6EB3B26B9}.Release|Any CPU.ActiveCfg = Release|Any CPU
		{1E1C81C0-4DCE-436D-9095-69E6EB3B26B9}.Release|Any CPU.Build.0 = Release|Any CPU
	EndGlobalSection
	GlobalSection(SolutionProperties) = preSolution
		HideSolutionNode = FALSE
	EndGlobalSection
	GlobalSection(ExtensibilityGlobals) = postSolution
		SolutionGuid = {7CCD0E28-1205-44C0-91DB-9483098E5261}
	EndGlobalSection
EndGlobal
